
Microsoft Visual Studio Solution File, Format Version 12.00
# Visual Studio 2012
Project("{E24C65DC-7377-472B-9ABA-BC803B73C61A}") = "SWSystem", ".", "{1B328DD1-9BBE-4CB9-8B14-6E7FBAEDB8CA}"
	ProjectSection(WebsiteProperties) = preProject
		TargetFrameworkMoniker = ".NETFramework,Version%3Dv4.5"
		Debug.AspNetCompiler.VirtualPath = "/SWSystem"
		Debug.AspNetCompiler.PhysicalPath = "D:\DRM\SWSystem\"
		Debug.AspNetCompiler.TargetPath = "PrecompiledWeb\SWSystem\"
		Debug.AspNetCompiler.Updateable = "true"
		Debug.AspNetCompiler.ForceOverwrite = "true"
		Debug.AspNetCompiler.FixedNames = "false"
		Debug.AspNetCompiler.Debug = "True"
		Release.AspNetCompiler.VirtualPath = "/SWSystem"
		Release.AspNetCompiler.PhysicalPath = "D:\DRM\SWSystem\"
		Release.AspNetCompiler.TargetPath = "PrecompiledWeb\SWSystem\"
		Release.AspNetCompiler.Updateable = "true"
		Release.AspNetCompiler.ForceOverwrite = "true"
		Release.AspNetCompiler.FixedNames = "false"
		Release.AspNetCompiler.Debug = "False"
		VWDPort = "36598"
	EndProjectSection
EndProject
Global
	GlobalSection(SolutionConfigurationPlatforms) = preSolution
		Debug|Any CPU = Debug|Any CPU
	EndGlobalSection
	GlobalSection(ProjectConfigurationPlatforms) = postSolution
		{1B328DD1-9BBE-4CB9-8B14-6E7FBAEDB8CA}.Debug|Any CPU.ActiveCfg = Debug|Any CPU
		{1B328DD1-9BBE-4CB9-8B14-6E7FBAEDB8CA}.Debug|Any CPU.Build.0 = Debug|Any CPU
	EndGlobalSection
	GlobalSection(SolutionProperties) = preSolution
		HideSolutionNode = FALSE
	EndGlobalSection
EndGlobal
